PODS:
  - Reusable (4.0.5):
    - Reusable/Storyboard (= 4.0.5)
    - Reusable/View (= 4.0.5)
  - Reusable/Storyboard (4.0.5)
  - Reusable/View (4.0.5)

DEPENDENCIES:
  - Reusable (from `../`)

EXTERNAL SOURCES:
  Reusable:
    :path: "../"

SPEC CHECKSUMS:
  Reusable: 3754ac3bdd06c95e5fc800b7a5142482b07ac5b5

PODFILE CHECKSUM: 2e4cfd412f90711e15fcfa281c33e3b31f1e90b8

COCOAPODS: 1.5.3
