PODS:
  - Reusable (4.0.5):
    - Reusable/Storyboard (= 4.0.5)
    - Reusable/View (= 4.0.5)
  - Reusable/Storyboard (4.0.5)
  - Reusable/View (4.0.5)

DEPENDENCIES:
  - Reusable (from `../`)

EXTERNAL SOURCES:
  Reusable:
    :path: "../"

SPEC CHECKSUMS:
  Reusable: 1c377cb1d77feb1d4cdba377b4274426da9d4e01

PODFILE CHECKSUM: 2e4cfd412f90711e15fcfa281c33e3b31f1e90b8

COCOAPODS: 1.5.3
