PODS:
  - Reusable (4.0.1):
    - Reusable/Storyboard (= 4.0.1)
    - Reusable/View (= 4.0.1)
  - Reusable/Storyboard (4.0.1)
  - Reusable/View (4.0.1)

DEPENDENCIES:
  - Reusable (from `../`)

EXTERNAL SOURCES:
  Reusable:
    :path: ../

SPEC CHECKSUMS:
  Reusable: 3f2911673b67eb6d1ddedaaafe3815048423f34a

PODFILE CHECKSUM: 2e4cfd412f90711e15fcfa281c33e3b31f1e90b8

COCOAPODS: 1.4.0
