// !$*UTF8*$!
{
	archiveVersion = 1;
	classes = {
	};
	objectVersion = 46;
	objects = {

/* Begin PBXBuildFile section */
		B556E5121D8812A90034D9AC /* Reusable.h in Headers */ = {isa = PBXBuildFile; fileRef = B556E5111D8812A90034D9AC /* Reusable.h */; settings = {ATTRIBUTES = (Public, ); }; };
		B556E5381D8813670034D9AC /* StoryboardBased.swift in Sources */ = {isa = PBXBuildFile; fileRef = B556E5301D8813670034D9AC /* StoryboardBased.swift */; };
		B556E5391D8813670034D9AC /* StoryboardSceneBased.swift in Sources */ = {isa = PBXBuildFile; fileRef = B556E5311D8813670034D9AC /* StoryboardSceneBased.swift */; };
		B556E53A1D8813670034D9AC /* NibLoadable.swift in Sources */ = {isa = PBXBuildFile; fileRef = B556E5331D8813670034D9AC /* NibLoadable.swift */; };
		B556E53B1D8813670034D9AC /* NibOwnerLoadable.swift in Sources */ = {isa = PBXBuildFile; fileRef = B556E5341D8813670034D9AC /* NibOwnerLoadable.swift */; };
		B556E53C1D8813670034D9AC /* Reusable.swift in Sources */ = {isa = PBXBuildFile; fileRef = B556E5351D8813670034D9AC /* Reusable.swift */; };
		B556E53D1D8813670034D9AC /* UICollectionView+Reusable.swift in Sources */ = {isa = PBXBuildFile; fileRef = B556E5361D8813670034D9AC /* UICollectionView+Reusable.swift */; };
		B556E53E1D8813670034D9AC /* UITableView+Reusable.swift in Sources */ = {isa = PBXBuildFile; fileRef = B556E5371D8813670034D9AC /* UITableView+Reusable.swift */; };
/* End PBXBuildFile section */

/* Begin PBXFileReference section */
		B556E50E1D8812A90034D9AC /* Reusable.framework */ = {isa = PBXFileReference; explicitFileType = wrapper.framework; includeInIndex = 0; path = Reusable.framework; sourceTree = BUILT_PRODUCTS_DIR; };
		B556E5111D8812A90034D9AC /* Reusable.h */ = {isa = PBXFileReference; lastKnownFileType = sourcecode.c.h; path = Reusable.h; sourceTree = "<group>"; };
		B556E5131D8812A90034D9AC /* Info.plist */ = {isa = PBXFileReference; lastKnownFileType = text.plist.xml; path = Info.plist; sourceTree = "<group>"; };
		B556E5301D8813670034D9AC /* StoryboardBased.swift */ = {isa = PBXFileReference; fileEncoding = 4; lastKnownFileType = sourcecode.swift; path = StoryboardBased.swift; sourceTree = "<group>"; };
		B556E5311D8813670034D9AC /* StoryboardSceneBased.swift */ = {isa = PBXFileReference; fileEncoding = 4; lastKnownFileType = sourcecode.swift; path = StoryboardSceneBased.swift; sourceTree = "<group>"; };
		B556E5331D8813670034D9AC /* NibLoadable.swift */ = {isa = PBXFileReference; fileEncoding = 4; lastKnownFileType = sourcecode.swift; path = NibLoadable.swift; sourceTree = "<group>"; };
		B556E5341D8813670034D9AC /* NibOwnerLoadable.swift */ = {isa = PBXFileReference; fileEncoding = 4; lastKnownFileType = sourcecode.swift; path = NibOwnerLoadable.swift; sourceTree = "<group>"; };
		B556E5351D8813670034D9AC /* Reusable.swift */ = {isa = PBXFileReference; fileEncoding = 4; lastKnownFileType = sourcecode.swift; path = Reusable.swift; sourceTree = "<group>"; };
		B556E5361D8813670034D9AC /* UICollectionView+Reusable.swift */ = {isa = PBXFileReference; fileEncoding = 4; lastKnownFileType = sourcecode.swift; path = "UICollectionView+Reusable.swift"; sourceTree = "<group>"; };
		B556E5371D8813670034D9AC /* UITableView+Reusable.swift */ = {isa = PBXFileReference; fileEncoding = 4; lastKnownFileType = sourcecode.swift; path = "UITableView+Reusable.swift"; sourceTree = "<group>"; };
/* End PBXFileReference section */

/* Begin PBXFrameworksBuildPhase section */
		B556E50A1D8812A90034D9AC /* Frameworks */ = {
			isa = PBXFrameworksBuildPhase;
			buildActionMask = 2147483647;
			files = (
			);
			runOnlyForDeploymentPostprocessing = 0;
		};
/* End PBXFrameworksBuildPhase section */

/* Begin PBXGroup section */
		B556E5041D8812A90034D9AC = {
			isa = PBXGroup;
			children = (
				B556E50F1D8812A90034D9AC /* Products */,
				B556E5101D8812A90034D9AC /* Reusable */,
				B556E52E1D8813670034D9AC /* Sources */,
			);
			sourceTree = "<group>";
		};
		B556E50F1D8812A90034D9AC /* Products */ = {
			isa = PBXGroup;
			children = (
				B556E50E1D8812A90034D9AC /* Reusable.framework */,
			);
			name = Products;
			sourceTree = "<group>";
		};
		B556E5101D8812A90034D9AC /* Reusable */ = {
			isa = PBXGroup;
			children = (
				B556E5131D8812A90034D9AC /* Info.plist */,
				B556E5111D8812A90034D9AC /* Reusable.h */,
			);
			path = Reusable;
			sourceTree = "<group>";
		};
		B556E52E1D8813670034D9AC /* Sources */ = {
			isa = PBXGroup;
			children = (
				B556E52F1D8813670034D9AC /* Storyboard */,
				B556E5321D8813670034D9AC /* View */,
			);
			path = Sources;
			sourceTree = "<group>";
		};
		B556E52F1D8813670034D9AC /* Storyboard */ = {
			isa = PBXGroup;
			children = (
				B556E5301D8813670034D9AC /* StoryboardBased.swift */,
				B556E5311D8813670034D9AC /* StoryboardSceneBased.swift */,
			);
			path = Storyboard;
			sourceTree = "<group>";
		};
		B556E5321D8813670034D9AC /* View */ = {
			isa = PBXGroup;
			children = (
				B556E5331D8813670034D9AC /* NibLoadable.swift */,
				B556E5341D8813670034D9AC /* NibOwnerLoadable.swift */,
				B556E5351D8813670034D9AC /* Reusable.swift */,
				B556E5361D8813670034D9AC /* UICollectionView+Reusable.swift */,
				B556E5371D8813670034D9AC /* UITableView+Reusable.swift */,
			);
			path = View;
			sourceTree = "<group>";
		};
/* End PBXGroup section */

/* Begin PBXHeadersBuildPhase section */
		B556E50B1D8812A90034D9AC /* Headers */ = {
			isa = PBXHeadersBuildPhase;
			buildActionMask = 2147483647;
			files = (
				B556E5121D8812A90034D9AC /* Reusable.h in Headers */,
			);
			runOnlyForDeploymentPostprocessing = 0;
		};
/* End PBXHeadersBuildPhase section */

/* Begin PBXNativeTarget section */
		B556E50D1D8812A90034D9AC /* Reusable */ = {
			isa = PBXNativeTarget;
			buildConfigurationList = B556E5161D8812A90034D9AC /* Build configuration list for PBXNativeTarget "Reusable" */;
			buildPhases = (
				B556E5091D8812A90034D9AC /* Sources */,
				B556E50A1D8812A90034D9AC /* Frameworks */,
				B556E50B1D8812A90034D9AC /* Headers */,
				B556E50C1D8812A90034D9AC /* Resources */,
			);
			buildRules = (
			);
			dependencies = (
			);
			name = Reusable;
			productName = Reusable;
			productReference = B556E50E1D8812A90034D9AC /* Reusable.framework */;
			productType = "com.apple.product-type.framework";
		};
/* End PBXNativeTarget section */

/* Begin PBXProject section */
		B556E5051D8812A90034D9AC /* Project object */ = {
			isa = PBXProject;
			attributes = {
				LastUpgradeCheck = 0730;
				ORGANIZATIONNAME = AliSoftware;
				TargetAttributes = {
					B556E50D1D8812A90034D9AC = {
						CreatedOnToolsVersion = 7.3.1;
					};
				};
			};
			buildConfigurationList = B556E5081D8812A90034D9AC /* Build configuration list for PBXProject "Reusable" */;
			compatibilityVersion = "Xcode 3.2";
			developmentRegion = English;
			hasScannedForEncodings = 0;
			knownRegions = (
				en,
			);
			mainGroup = B556E5041D8812A90034D9AC;
			productRefGroup = B556E50F1D8812A90034D9AC /* Products */;
			projectDirPath = "";
			projectRoot = "";
			targets = (
				B556E50D1D8812A90034D9AC /* Reusable */,
			);
		};
/* End PBXProject section */

/* Begin PBXResourcesBuildPhase section */
		B556E50C1D8812A90034D9AC /* Resources */ = {
			isa = PBXResourcesBuildPhase;
			buildActionMask = 2147483647;
			files = (
			);
			runOnlyForDeploymentPostprocessing = 0;
		};
/* End PBXResourcesBuildPhase section */

/* Begin PBXSourcesBuildPhase section */
		B556E5091D8812A90034D9AC /* Sources */ = {
			isa = PBXSourcesBuildPhase;
			buildActionMask = 2147483647;
			files = (
				B556E53A1D8813670034D9AC /* NibLoadable.swift in Sources */,
				B556E53B1D8813670034D9AC /* NibOwnerLoadable.swift in Sources */,
				B556E53C1D8813670034D9AC /* Reusable.swift in Sources */,
				B556E5381D8813670034D9AC /* StoryboardBased.swift in Sources */,
				B556E5391D8813670034D9AC /* StoryboardSceneBased.swift in Sources */,
				B556E53D1D8813670034D9AC /* UICollectionView+Reusable.swift in Sources */,
				B556E53E1D8813670034D9AC /* UITableView+Reusable.swift in Sources */,
			);
			runOnlyForDeploymentPostprocessing = 0;
		};
/* End PBXSourcesBuildPhase section */

/* Begin XCBuildConfiguration section */
		B556E5141D8812A90034D9AC /* Debug */ = {
			isa = XCBuildConfiguration;
			buildSettings = {
				ALWAYS_SEARCH_USER_PATHS = NO;
				CLANG_ANALYZER_NONNULL = YES;
				CLANG_CXX_LANGUAGE_STANDARD = "gnu++0x";
				CLANG_CXX_LIBRARY = "libc++";
				CLANG_ENABLE_MODULES = YES;
				CLANG_ENABLE_OBJC_ARC = YES;
				CLANG_WARN_BOOL_CONVERSION = YES;
				CLANG_WARN_CONSTANT_CONVERSION = YES;
				CLANG_WARN_DIRECT_OBJC_ISA_USAGE = YES_ERROR;
				CLANG_WARN_EMPTY_BODY = YES;
				CLANG_WARN_ENUM_CONVERSION = YES;
				CLANG_WARN_INT_CONVERSION = YES;
				CLANG_WARN_OBJC_ROOT_CLASS = YES_ERROR;
				CLANG_WARN_UNREACHABLE_CODE = YES;
				CLANG_WARN__DUPLICATE_METHOD_MATCH = YES;
				"CODE_SIGN_IDENTITY[sdk=iphoneos*]" = "iPhone Developer";
				COPY_PHASE_STRIP = NO;
				CURRENT_PROJECT_VERSION = 1;
				DEBUG_INFORMATION_FORMAT = dwarf;
				ENABLE_STRICT_OBJC_MSGSEND = YES;
				ENABLE_TESTABILITY = YES;
				GCC_C_LANGUAGE_STANDARD = gnu99;
				GCC_DYNAMIC_NO_PIC = NO;
				GCC_NO_COMMON_BLOCKS = YES;
				GCC_OPTIMIZATION_LEVEL = 0;
				GCC_PREPROCESSOR_DEFINITIONS = (
					"DEBUG=1",
					"$(inherited)",
				);
				GCC_WARN_64_TO_32_BIT_CONVERSION = YES;
				GCC_WARN_ABOUT_RETURN_TYPE = YES_ERROR;
				GCC_WARN_UNDECLARED_SELECTOR = YES;
				GCC_WARN_UNINITIALIZED_AUTOS = YES_AGGRESSIVE;
				GCC_WARN_UNUSED_FUNCTION = YES;
				GCC_WARN_UNUSED_VARIABLE = YES;
				IPHONEOS_DEPLOYMENT_TARGET = 8.0;
				MTL_ENABLE_DEBUG_INFO = YES;
				ONLY_ACTIVE_ARCH = YES;
				SDKROOT = iphoneos;
				SWIFT_OPTIMIZATION_LEVEL = "-Onone";
				TARGETED_DEVICE_FAMILY = "1,2";
				VERSIONING_SYSTEM = "apple-generic";
				VERSION_INFO_PREFIX = "";
			};
			name = Debug;
		};
		B556E5151D8812A90034D9AC /* Release */ = {
			isa = XCBuildConfiguration;
			buildSettings = {
				ALWAYS_SEARCH_USER_PATHS = NO;
				CLANG_ANALYZER_NONNULL = YES;
				CLANG_CXX_LANGUAGE_STANDARD = "gnu++0x";
				CLANG_CXX_LIBRARY = "libc++";
				CLANG_ENABLE_MODULES = YES;
				CLANG_ENABLE_OBJC_ARC = YES;
				CLANG_WARN_BOOL_CONVERSION = YES;
				CLANG_WARN_CONSTANT_CONVERSION = YES;
				CLANG_WARN_DIRECT_OBJC_ISA_USAGE = YES_ERROR;
				CLANG_WARN_EMPTY_BODY = YES;
				CLANG_WARN_ENUM_CONVERSION = YES;
				CLANG_WARN_INT_CONVERSION = YES;
				CLANG_WARN_OBJC_ROOT_CLASS = YES_ERROR;
				CLANG_WARN_UNREACHABLE_CODE = YES;
				CLANG_WARN__DUPLICATE_METHOD_MATCH = YES;
				"CODE_SIGN_IDENTITY[sdk=iphoneos*]" = "iPhone Developer";
				COPY_PHASE_STRIP = NO;
				CURRENT_PROJECT_VERSION = 1;
				DEBUG_INFORMATION_FORMAT = "dwarf-with-dsym";
				ENABLE_NS_ASSERTIONS = NO;
				ENABLE_STRICT_OBJC_MSGSEND = YES;
				GCC_C_LANGUAGE_STANDARD = gnu99;
				GCC_NO_COMMON_BLOCKS = YES;
				GCC_WARN_64_TO_32_BIT_CONVERSION = YES;
				GCC_WARN_ABOUT_RETURN_TYPE = YES_ERROR;
				GCC_WARN_UNDECLARED_SELECTOR = YES;
				GCC_WARN_UNINITIALIZED_AUTOS = YES_AGGRESSIVE;
				GCC_WARN_UNUSED_FUNCTION = YES;
				GCC_WARN_UNUSED_VARIABLE = YES;
				IPHONEOS_DEPLOYMENT_TARGET = 8.0;
				MTL_ENABLE_DEBUG_INFO = NO;
				SDKROOT = iphoneos;
				TARGETED_DEVICE_FAMILY = "1,2";
				VALIDATE_PRODUCT = YES;
				VERSIONING_SYSTEM = "apple-generic";
				VERSION_INFO_PREFIX = "";
			};
			name = Release;
		};
		B556E5171D8812A90034D9AC /* Debug */ = {
			isa = XCBuildConfiguration;
			buildSettings = {
				DEFINES_MODULE = YES;
				DYLIB_COMPATIBILITY_VERSION = 1;
				DYLIB_CURRENT_VERSION = 1;
				DYLIB_INSTALL_NAME_BASE = "@rpath";
				INFOPLIST_FILE = Reusable/Info.plist;
				INSTALL_PATH = "$(LOCAL_LIBRARY_DIR)/Frameworks";
				IPHONEOS_DEPLOYMENT_TARGET = 8.0;
				LD_RUNPATH_SEARCH_PATHS = "$(inherited) @executable_path/Frameworks @loader_path/Frameworks";
				PRODUCT_BUNDLE_IDENTIFIER = com.alisoftware.Reusable;
				PRODUCT_NAME = "$(TARGET_NAME)";
				SKIP_INSTALL = YES;
			};
			name = Debug;
		};
		B556E5181D8812A90034D9AC /* Release */ = {
			isa = XCBuildConfiguration;
			buildSettings = {
				DEFINES_MODULE = YES;
				DYLIB_COMPATIBILITY_VERSION = 1;
				DYLIB_CURRENT_VERSION = 1;
				DYLIB_INSTALL_NAME_BASE = "@rpath";
				INFOPLIST_FILE = Reusable/Info.plist;
				INSTALL_PATH = "$(LOCAL_LIBRARY_DIR)/Frameworks";
				IPHONEOS_DEPLOYMENT_TARGET = 8.0;
				LD_RUNPATH_SEARCH_PATHS = "$(inherited) @executable_path/Frameworks @loader_path/Frameworks";
				PRODUCT_BUNDLE_IDENTIFIER = com.alisoftware.Reusable;
				PRODUCT_NAME = "$(TARGET_NAME)";
				SKIP_INSTALL = YES;
			};
			name = Release;
		};
/* End XCBuildConfiguration section */

/* Begin XCConfigurationList section */
		B556E5081D8812A90034D9AC /* Build configuration list for PBXProject "Reusable" */ = {
			isa = XCConfigurationList;
			buildConfigurations = (
				B556E5141D8812A90034D9AC /* Debug */,
				B556E5151D8812A90034D9AC /* Release */,
			);
			defaultConfigurationIsVisible = 0;
			defaultConfigurationName = Release;
		};
		B556E5161D8812A90034D9AC /* Build configuration list for PBXNativeTarget "Reusable" */ = {
			isa = XCConfigurationList;
			buildConfigurations = (
				B556E5171D8812A90034D9AC /* Debug */,
				B556E5181D8812A90034D9AC /* Release */,
			);
			defaultConfigurationIsVisible = 0;
			defaultConfigurationName = Release;
		};
/* End XCConfigurationList section */
	};
	rootObject = B556E5051D8812A90034D9AC /* Project object */;
}
