// !$*UTF8*$!
{
	archiveVersion = 1;
	classes = {
	};
	objectVersion = 46;
	objects = {

/* Begin PBXBuildFile section */
		09441AE21D32A0390029B8A6 /* InfoViewController.storyboard in Resources */ = {isa = PBXBuildFile; fileRef = 09441AE11D32A0390029B8A6 /* InfoViewController.storyboard */; };
		09441AE41D32A0700029B8A6 /* InfoDetailViewController.swift in Sources */ = {isa = PBXBuildFile; fileRef = 09441AE31D32A0700029B8A6 /* InfoDetailViewController.swift */; };
		09441AE61D32A07D0029B8A6 /* InfoViewController.swift in Sources */ = {isa = PBXBuildFile; fileRef = 09441AE51D32A07D0029B8A6 /* InfoViewController.swift */; };
		09B3460D1C4ED26F00BA041F /* AppDelegate.swift in Sources */ = {isa = PBXBuildFile; fileRef = 09B3460C1C4ED26F00BA041F /* AppDelegate.swift */; };
		09B3460F1C4ED26F00BA041F /* TableViewController.swift in Sources */ = {isa = PBXBuildFile; fileRef = 09B3460E1C4ED26F00BA041F /* TableViewController.swift */; };
		09B346121C4ED26F00BA041F /* Main.storyboard in Resources */ = {isa = PBXBuildFile; fileRef = 09B346101C4ED26F00BA041F /* Main.storyboard */; };
		09B346141C4ED26F00BA041F /* Assets.xcassets in Resources */ = {isa = PBXBuildFile; fileRef = 09B346131C4ED26F00BA041F /* Assets.xcassets */; };
		09B346171C4ED26F00BA041F /* LaunchScreen.storyboard in Resources */ = {isa = PBXBuildFile; fileRef = 09B346151C4ED26F00BA041F /* LaunchScreen.storyboard */; };
		09B346221C4ED39700BA041F /* MyXIBTextCell.swift in Sources */ = {isa = PBXBuildFile; fileRef = 09B346201C4ED39700BA041F /* MyXIBTextCell.swift */; };
		09B346231C4ED39700BA041F /* MyXIBTextCell.xib in Resources */ = {isa = PBXBuildFile; fileRef = 09B346211C4ED39700BA041F /* MyXIBTextCell.xib */; };
		09B346251C4ED4CE00BA041F /* Default-568h@2x.png in Resources */ = {isa = PBXBuildFile; fileRef = 09B346241C4ED4CE00BA041F /* Default-568h@2x.png */; };
		09B346281C4ED51600BA041F /* MyXIBInfoCell.swift in Sources */ = {isa = PBXBuildFile; fileRef = 09B346261C4ED51600BA041F /* MyXIBInfoCell.swift */; };
		09B346291C4ED51600BA041F /* MyXIBInfoCell.xib in Resources */ = {isa = PBXBuildFile; fileRef = 09B346271C4ED51600BA041F /* MyXIBInfoCell.xib */; };
		09B3462B1C4ED6C400BA041F /* MySimpleColorCell.swift in Sources */ = {isa = PBXBuildFile; fileRef = 09B3462A1C4ED6C400BA041F /* MySimpleColorCell.swift */; };
		09B346341C4EDC7D00BA041F /* MyStoryBoardIndexPathCell.swift in Sources */ = {isa = PBXBuildFile; fileRef = 09B346331C4EDC7D00BA041F /* MyStoryBoardIndexPathCell.swift */; };
		09B3463A1C4EF3F900BA041F /* MyColorSquareCell.swift in Sources */ = {isa = PBXBuildFile; fileRef = 09B346391C4EF3F900BA041F /* MyColorSquareCell.swift */; };
		09B3463C1C4EF46100BA041F /* MyStoryboardTextSquareCell.swift in Sources */ = {isa = PBXBuildFile; fileRef = 09B3463B1C4EF46100BA041F /* MyStoryboardTextSquareCell.swift */; };
		09B3463E1C4EF4A400BA041F /* CollectionViewController.swift in Sources */ = {isa = PBXBuildFile; fileRef = 09B3463D1C4EF4A400BA041F /* CollectionViewController.swift */; };
		09B346411C4EF71900BA041F /* MyXIBIndexSquaceCell.swift in Sources */ = {isa = PBXBuildFile; fileRef = 09B3463F1C4EF71900BA041F /* MyXIBIndexSquaceCell.swift */; };
		09B346421C4EF71900BA041F /* MyXIBIndexSquaceCell.xib in Resources */ = {isa = PBXBuildFile; fileRef = 09B346401C4EF71900BA041F /* MyXIBIndexSquaceCell.xib */; };
		09B346441C4EF8B700BA041F /* CollectionHeaderView.swift in Sources */ = {isa = PBXBuildFile; fileRef = 09B346431C4EF8B700BA041F /* CollectionHeaderView.swift */; };
		09B346461C4EF8F600BA041F /* CollectionHeaderView.xib in Resources */ = {isa = PBXBuildFile; fileRef = 09B346451C4EF8F600BA041F /* CollectionHeaderView.xib */; };
		37E3FC6F1E55CDD8000A7436 /* AppDelegate.swift in Sources */ = {isa = PBXBuildFile; fileRef = 37E3FC6E1E55CDD8000A7436 /* AppDelegate.swift */; };
		37E3FC741E55CDD8000A7436 /* Main.storyboard in Resources */ = {isa = PBXBuildFile; fileRef = 37E3FC721E55CDD8000A7436 /* Main.storyboard */; };
		37E3FC761E55CDD8000A7436 /* Assets.xcassets in Resources */ = {isa = PBXBuildFile; fileRef = 37E3FC751E55CDD8000A7436 /* Assets.xcassets */; };
		37E3FC7E1E55D056000A7436 /* MyCustomWidget.swift in Sources */ = {isa = PBXBuildFile; fileRef = 37E3FC7D1E55D056000A7436 /* MyCustomWidget.swift */; };
		37E3FC801E55D08C000A7436 /* MyCustomWidget.xib in Resources */ = {isa = PBXBuildFile; fileRef = 37E3FC7F1E55D08C000A7436 /* MyCustomWidget.xib */; };
		3BC2191F1CFC259F003BE78C /* MyHeaderTableView.swift in Sources */ = {isa = PBXBuildFile; fileRef = 3BC2191D1CFC259F003BE78C /* MyHeaderTableView.swift */; };
		3BC219201CFC259F003BE78C /* MyHeaderTableView.xib in Resources */ = {isa = PBXBuildFile; fileRef = 3BC2191E1CFC259F003BE78C /* MyHeaderTableView.xib */; };
		47EE563C1D66155100AD3E4D /* MyCustomWidget.swift in Sources */ = {isa = PBXBuildFile; fileRef = 47EE563B1D66155100AD3E4D /* MyCustomWidget.swift */; };
		47EE563E1D66155D00AD3E4D /* MyCustomWidget.xib in Resources */ = {isa = PBXBuildFile; fileRef = 47EE563D1D66155D00AD3E4D /* MyCustomWidget.xib */; };
		9FA94C08BEF301B3E3BDC872 /* Pods_ReusableDemo_tvOS.framework in Frameworks */ = {isa = PBXBuildFile; fileRef = 4F2D22CAD76679D19CD171C1 /* Pods_ReusableDemo_tvOS.framework */; };
		E5B86DD32EF6226743A8E042 /* Pods_ReusableDemo_iOS.framework in Frameworks */ = {isa = PBXBuildFile; fileRef = FF21AA4AB6E6CEF7985FF09B /* Pods_ReusableDemo_iOS.framework */; };
/* End PBXBuildFile section */

/* Begin PBXFileReference section */
		09441AE11D32A0390029B8A6 /* InfoViewController.storyboard */ = {isa = PBXFileReference; fileEncoding = 4; lastKnownFileType = file.storyboard; path = InfoViewController.storyboard; sourceTree = "<group>"; };
		09441AE31D32A0700029B8A6 /* InfoDetailViewController.swift */ = {isa = PBXFileReference; fileEncoding = 4; lastKnownFileType = sourcecode.swift; path = InfoDetailViewController.swift; sourceTree = "<group>"; };
		09441AE51D32A07D0029B8A6 /* InfoViewController.swift */ = {isa = PBXFileReference; fileEncoding = 4; lastKnownFileType = sourcecode.swift; path = InfoViewController.swift; sourceTree = "<group>"; };
		096A3A284FE1BC6262AC3EB7 /* Pods-ReusableDemo iOS.debug.xcconfig */ = {isa = PBXFileReference; includeInIndex = 1; lastKnownFileType = text.xcconfig; name = "Pods-ReusableDemo iOS.debug.xcconfig"; path = "Pods/Target Support Files/Pods-ReusableDemo iOS/Pods-ReusableDemo iOS.debug.xcconfig"; sourceTree = "<group>"; };
		09B346091C4ED26F00BA041F /* ReusableDemo iOS.app */ = {isa = PBXFileReference; explicitFileType = wrapper.application; includeInIndex = 0; path = "ReusableDemo iOS.app"; sourceTree = BUILT_PRODUCTS_DIR; };
		09B3460C1C4ED26F00BA041F /* AppDelegate.swift */ = {isa = PBXFileReference; lastKnownFileType = sourcecode.swift; path = AppDelegate.swift; sourceTree = "<group>"; };
		09B3460E1C4ED26F00BA041F /* TableViewController.swift */ = {isa = PBXFileReference; lastKnownFileType = sourcecode.swift; path = TableViewController.swift; sourceTree = "<group>"; };
		09B346111C4ED26F00BA041F /* Base */ = {isa = PBXFileReference; lastKnownFileType = file.storyboard; name = Base; path = Base.lproj/Main.storyboard; sourceTree = "<group>"; };
		09B346131C4ED26F00BA041F /* Assets.xcassets */ = {isa = PBXFileReference; lastKnownFileType = folder.assetcatalog; path = Assets.xcassets; sourceTree = "<group>"; };
		09B346161C4ED26F00BA041F /* Base */ = {isa = PBXFileReference; lastKnownFileType = file.storyboard; name = Base; path = Base.lproj/LaunchScreen.storyboard; sourceTree = "<group>"; };
		09B346181C4ED26F00BA041F /* Info.plist */ = {isa = PBXFileReference; lastKnownFileType = text.plist.xml; path = Info.plist; sourceTree = "<group>"; };
		09B346201C4ED39700BA041F /* MyXIBTextCell.swift */ = {isa = PBXFileReference; fileEncoding = 4; lastKnownFileType = sourcecode.swift; path = MyXIBTextCell.swift; sourceTree = "<group>"; };
		09B346211C4ED39700BA041F /* MyXIBTextCell.xib */ = {isa = PBXFileReference; fileEncoding = 4; lastKnownFileType = file.xib; path = MyXIBTextCell.xib; sourceTree = "<group>"; };
		09B346241C4ED4CE00BA041F /* Default-568h@2x.png */ = {isa = PBXFileReference; lastKnownFileType = image.png; name = "Default-568h@2x.png"; path = "../Default-568h@2x.png"; sourceTree = "<group>"; };
		09B346261C4ED51600BA041F /* MyXIBInfoCell.swift */ = {isa = PBXFileReference; fileEncoding = 4; lastKnownFileType = sourcecode.swift; path = MyXIBInfoCell.swift; sourceTree = "<group>"; };
		09B346271C4ED51600BA041F /* MyXIBInfoCell.xib */ = {isa = PBXFileReference; fileEncoding = 4; lastKnownFileType = file.xib; path = MyXIBInfoCell.xib; sourceTree = "<group>"; };
		09B3462A1C4ED6C400BA041F /* MySimpleColorCell.swift */ = {isa = PBXFileReference; fileEncoding = 4; lastKnownFileType = sourcecode.swift; path = MySimpleColorCell.swift; sourceTree = "<group>"; };
		09B346331C4EDC7D00BA041F /* MyStoryBoardIndexPathCell.swift */ = {isa = PBXFileReference; fileEncoding = 4; lastKnownFileType = sourcecode.swift; path = MyStoryBoardIndexPathCell.swift; sourceTree = "<group>"; };
		09B346391C4EF3F900BA041F /* MyColorSquareCell.swift */ = {isa = PBXFileReference; fileEncoding = 4; lastKnownFileType = sourcecode.swift; path = MyColorSquareCell.swift; sourceTree = "<group>"; };
		09B3463B1C4EF46100BA041F /* MyStoryboardTextSquareCell.swift */ = {isa = PBXFileReference; fileEncoding = 4; lastKnownFileType = sourcecode.swift; path = MyStoryboardTextSquareCell.swift; sourceTree = "<group>"; };
		09B3463D1C4EF4A400BA041F /* CollectionViewController.swift */ = {isa = PBXFileReference; fileEncoding = 4; lastKnownFileType = sourcecode.swift; path = CollectionViewController.swift; sourceTree = "<group>"; };
		09B3463F1C4EF71900BA041F /* MyXIBIndexSquaceCell.swift */ = {isa = PBXFileReference; fileEncoding = 4; lastKnownFileType = sourcecode.swift; path = MyXIBIndexSquaceCell.swift; sourceTree = "<group>"; };
		09B346401C4EF71900BA041F /* MyXIBIndexSquaceCell.xib */ = {isa = PBXFileReference; fileEncoding = 4; lastKnownFileType = file.xib; path = MyXIBIndexSquaceCell.xib; sourceTree = "<group>"; };
		09B346431C4EF8B700BA041F /* CollectionHeaderView.swift */ = {isa = PBXFileReference; fileEncoding = 4; lastKnownFileType = sourcecode.swift; path = CollectionHeaderView.swift; sourceTree = "<group>"; };
		09B346451C4EF8F600BA041F /* CollectionHeaderView.xib */ = {isa = PBXFileReference; fileEncoding = 4; lastKnownFileType = file.xib; path = CollectionHeaderView.xib; sourceTree = "<group>"; };
		37E3FC6C1E55CDD8000A7436 /* ReusableDemo tvOS.app */ = {isa = PBXFileReference; explicitFileType = wrapper.application; includeInIndex = 0; path = "ReusableDemo tvOS.app"; sourceTree = BUILT_PRODUCTS_DIR; };
		37E3FC6E1E55CDD8000A7436 /* AppDelegate.swift */ = {isa = PBXFileReference; lastKnownFileType = sourcecode.swift; path = AppDelegate.swift; sourceTree = "<group>"; };
		37E3FC731E55CDD8000A7436 /* Base */ = {isa = PBXFileReference; lastKnownFileType = file.storyboard; name = Base; path = Base.lproj/Main.storyboard; sourceTree = "<group>"; };
		37E3FC751E55CDD8000A7436 /* Assets.xcassets */ = {isa = PBXFileReference; lastKnownFileType = folder.assetcatalog; path = Assets.xcassets; sourceTree = "<group>"; };
		37E3FC771E55CDD8000A7436 /* Info.plist */ = {isa = PBXFileReference; lastKnownFileType = text.plist.xml; path = Info.plist; sourceTree = "<group>"; };
		37E3FC7D1E55D056000A7436 /* MyCustomWidget.swift */ = {isa = PBXFileReference; fileEncoding = 4; lastKnownFileType = sourcecode.swift; path = MyCustomWidget.swift; sourceTree = "<group>"; };
		37E3FC7F1E55D08C000A7436 /* MyCustomWidget.xib */ = {isa = PBXFileReference; fileEncoding = 4; lastKnownFileType = file.xib; path = MyCustomWidget.xib; sourceTree = "<group>"; };
		3BC2191D1CFC259F003BE78C /* MyHeaderTableView.swift */ = {isa = PBXFileReference; fileEncoding = 4; lastKnownFileType = sourcecode.swift; path = MyHeaderTableView.swift; sourceTree = "<group>"; };
		3BC2191E1CFC259F003BE78C /* MyHeaderTableView.xib */ = {isa = PBXFileReference; fileEncoding = 4; lastKnownFileType = file.xib; path = MyHeaderTableView.xib; sourceTree = "<group>"; };
		4033B8B5AA57F6CB717FCF24 /* Pods-ReusableDemo iOS.release.xcconfig */ = {isa = PBXFileReference; includeInIndex = 1; lastKnownFileType = text.xcconfig; name = "Pods-ReusableDemo iOS.release.xcconfig"; path = "Pods/Target Support Files/Pods-ReusableDemo iOS/Pods-ReusableDemo iOS.release.xcconfig"; sourceTree = "<group>"; };
		47EE563B1D66155100AD3E4D /* MyCustomWidget.swift */ = {isa = PBXFileReference; fileEncoding = 4; lastKnownFileType = sourcecode.swift; path = MyCustomWidget.swift; sourceTree = "<group>"; };
		47EE563D1D66155D00AD3E4D /* MyCustomWidget.xib */ = {isa = PBXFileReference; fileEncoding = 4; lastKnownFileType = file.xib; path = MyCustomWidget.xib; sourceTree = "<group>"; };
		4F2D22CAD76679D19CD171C1 /* Pods_ReusableDemo_tvOS.framework */ = {isa = PBXFileReference; explicitFileType = wrapper.framework; includeInIndex = 0; path = Pods_ReusableDemo_tvOS.framework; sourceTree = BUILT_PRODUCTS_DIR; };
		4F85C1AE1D6502CAE2A6E6AC /* Pods-ReusableDemo tvOS.debug.xcconfig */ = {isa = PBXFileReference; includeInIndex = 1; lastKnownFileType = text.xcconfig; name = "Pods-ReusableDemo tvOS.debug.xcconfig"; path = "Pods/Target Support Files/Pods-ReusableDemo tvOS/Pods-ReusableDemo tvOS.debug.xcconfig"; sourceTree = "<group>"; };
		D8F45C0C4C06E7B1B16AC822 /* Pods-ReusableDemo tvOS.release.xcconfig */ = {isa = PBXFileReference; includeInIndex = 1; lastKnownFileType = text.xcconfig; name = "Pods-ReusableDemo tvOS.release.xcconfig"; path = "Pods/Target Support Files/Pods-ReusableDemo tvOS/Pods-ReusableDemo tvOS.release.xcconfig"; sourceTree = "<group>"; };
		FF21AA4AB6E6CEF7985FF09B /* Pods_ReusableDemo_iOS.framework */ = {isa = PBXFileReference; explicitFileType = wrapper.framework; includeInIndex = 0; path = Pods_ReusableDemo_iOS.framework; sourceTree = BUILT_PRODUCTS_DIR; };
/* End PBXFileReference section */

/* Begin PBXFrameworksBuildPhase section */
		09B346061C4ED26F00BA041F /* Frameworks */ = {
			isa = PBXFrameworksBuildPhase;
			buildActionMask = 2147483647;
			files = (
				E5B86DD32EF6226743A8E042 /* Pods_ReusableDemo_iOS.framework in Frameworks */,
			);
			runOnlyForDeploymentPostprocessing = 0;
		};
		37E3FC691E55CDD8000A7436 /* Frameworks */ = {
			isa = PBXFrameworksBuildPhase;
			buildActionMask = 2147483647;
			files = (
				9FA94C08BEF301B3E3BDC872 /* Pods_ReusableDemo_tvOS.framework in Frameworks */,
			);
			runOnlyForDeploymentPostprocessing = 0;
		};
/* End PBXFrameworksBuildPhase section */

/* Begin PBXGroup section */
		09441AE01D32A0070029B8A6 /* Storyboards */ = {
			isa = PBXGroup;
			children = (
				09441AE11D32A0390029B8A6 /* InfoViewController.storyboard */,
				09441AE51D32A07D0029B8A6 /* InfoViewController.swift */,
				09441AE31D32A0700029B8A6 /* InfoDetailViewController.swift */,
			);
			path = Storyboards;
			sourceTree = "<group>";
		};
		09B346001C4ED26F00BA041F = {
			isa = PBXGroup;
			children = (
				09B3460B1C4ED26F00BA041F /* ReusableDemo iOS */,
				37E3FC6D1E55CDD8000A7436 /* ReusableDemo tvOS */,
				09B3460A1C4ED26F00BA041F /* Products */,
				2CBDDE0F80A0601775F539F9 /* Pods */,
				45D5555774BEA3B5DEB34A07 /* Frameworks */,
			);
			indentWidth = 2;
			sourceTree = "<group>";
			tabWidth = 2;
		};
		09B3460A1C4ED26F00BA041F /* Products */ = {
			isa = PBXGroup;
			children = (
				09B346091C4ED26F00BA041F /* ReusableDemo iOS.app */,
				37E3FC6C1E55CDD8000A7436 /* ReusableDemo tvOS.app */,
			);
			name = Products;
			sourceTree = "<group>";
		};
		09B3460B1C4ED26F00BA041F /* ReusableDemo iOS */ = {
			isa = PBXGroup;
			children = (
				09B3460C1C4ED26F00BA041F /* AppDelegate.swift */,
				09B346101C4ED26F00BA041F /* Main.storyboard */,
				09B3460E1C4ED26F00BA041F /* TableViewController.swift */,
				09B3461F1C4ED34F00BA041F /* TableView Cells */,
				09B3463D1C4EF4A400BA041F /* CollectionViewController.swift */,
				09B346381C4EF36D00BA041F /* CollectionViewCells */,
				09441AE01D32A0070029B8A6 /* Storyboards */,
				47EE56381D6614FA00AD3E4D /* Custom Views */,
				09B3461E1C4ED33D00BA041F /* SupportingFiles */,
			);
			path = "ReusableDemo iOS";
			sourceTree = "<group>";
		};
		09B3461E1C4ED33D00BA041F /* SupportingFiles */ = {
			isa = PBXGroup;
			children = (
				09B346241C4ED4CE00BA041F /* Default-568h@2x.png */,
				09B346131C4ED26F00BA041F /* Assets.xcassets */,
				09B346151C4ED26F00BA041F /* LaunchScreen.storyboard */,
				09B346181C4ED26F00BA041F /* Info.plist */,
			);
			name = SupportingFiles;
			sourceTree = "<group>";
		};
		09B3461F1C4ED34F00BA041F /* TableView Cells */ = {
			isa = PBXGroup;
			children = (
				3BC2191D1CFC259F003BE78C /* MyHeaderTableView.swift */,
				3BC2191E1CFC259F003BE78C /* MyHeaderTableView.xib */,
				09B346201C4ED39700BA041F /* MyXIBTextCell.swift */,
				09B346211C4ED39700BA041F /* MyXIBTextCell.xib */,
				09B346261C4ED51600BA041F /* MyXIBInfoCell.swift */,
				09B346271C4ED51600BA041F /* MyXIBInfoCell.xib */,
				09B3462A1C4ED6C400BA041F /* MySimpleColorCell.swift */,
				09B346331C4EDC7D00BA041F /* MyStoryBoardIndexPathCell.swift */,
			);
			name = "TableView Cells";
			path = TableViewCells;
			sourceTree = "<group>";
		};
		09B346381C4EF36D00BA041F /* CollectionViewCells */ = {
			isa = PBXGroup;
			children = (
				09B346391C4EF3F900BA041F /* MyColorSquareCell.swift */,
				09B3463B1C4EF46100BA041F /* MyStoryboardTextSquareCell.swift */,
				09B3463F1C4EF71900BA041F /* MyXIBIndexSquaceCell.swift */,
				09B346401C4EF71900BA041F /* MyXIBIndexSquaceCell.xib */,
				09B346431C4EF8B700BA041F /* CollectionHeaderView.swift */,
				09B346451C4EF8F600BA041F /* CollectionHeaderView.xib */,
			);
			path = CollectionViewCells;
			sourceTree = "<group>";
		};
		2CBDDE0F80A0601775F539F9 /* Pods */ = {
			isa = PBXGroup;
			children = (
				096A3A284FE1BC6262AC3EB7 /* Pods-ReusableDemo iOS.debug.xcconfig */,
				4033B8B5AA57F6CB717FCF24 /* Pods-ReusableDemo iOS.release.xcconfig */,
				4F85C1AE1D6502CAE2A6E6AC /* Pods-ReusableDemo tvOS.debug.xcconfig */,
				D8F45C0C4C06E7B1B16AC822 /* Pods-ReusableDemo tvOS.release.xcconfig */,
			);
			name = Pods;
			sourceTree = "<group>";
		};
		37E3FC6D1E55CDD8000A7436 /* ReusableDemo tvOS */ = {
			isa = PBXGroup;
			children = (
				37E3FC721E55CDD8000A7436 /* Main.storyboard */,
				37E3FC6E1E55CDD8000A7436 /* AppDelegate.swift */,
				37E3FC811E55D093000A7436 /* Custom Widget */,
				37E3FC751E55CDD8000A7436 /* Assets.xcassets */,
				37E3FC771E55CDD8000A7436 /* Info.plist */,
			);
			path = "ReusableDemo tvOS";
			sourceTree = "<group>";
		};
		37E3FC811E55D093000A7436 /* Custom Widget */ = {
			isa = PBXGroup;
			children = (
				37E3FC7D1E55D056000A7436 /* MyCustomWidget.swift */,
				37E3FC7F1E55D08C000A7436 /* MyCustomWidget.xib */,
			);
			name = "Custom Widget";
			sourceTree = "<group>";
		};
		45D5555774BEA3B5DEB34A07 /* Frameworks */ = {
			isa = PBXGroup;
			children = (
				FF21AA4AB6E6CEF7985FF09B /* Pods_ReusableDemo_iOS.framework */,
				4F2D22CAD76679D19CD171C1 /* Pods_ReusableDemo_tvOS.framework */,
			);
			name = Frameworks;
			sourceTree = "<group>";
		};
		47EE56381D6614FA00AD3E4D /* Custom Views */ = {
			isa = PBXGroup;
			children = (
				47EE563B1D66155100AD3E4D /* MyCustomWidget.swift */,
				47EE563D1D66155D00AD3E4D /* MyCustomWidget.xib */,
			);
			name = "Custom Views";
			path = CustomViews;
			sourceTree = "<group>";
		};
/* End PBXGroup section */

/* Begin PBXNativeTarget section */
		09B346081C4ED26F00BA041F /* ReusableDemo iOS */ = {
			isa = PBXNativeTarget;
			buildConfigurationList = 09B3461B1C4ED26F00BA041F /* Build configuration list for PBXNativeTarget "ReusableDemo iOS" */;
			buildPhases = (
				EEF03881871BAFB249B4B8A0 /* [CP] Check Pods Manifest.lock */,
				09B346051C4ED26F00BA041F /* Sources */,
				091AEA061C5ED6500094EA6C /* ⚠️ SwiftLint */,
				09B346061C4ED26F00BA041F /* Frameworks */,
				09B346071C4ED26F00BA041F /* Resources */,
				19189C1071BBDCAFA9F6F31F /* [CP] Embed Pods Frameworks */,
			);
			buildRules = (
			);
			dependencies = (
			);
			name = "ReusableDemo iOS";
			productName = ReusableDemo;
			productReference = 09B346091C4ED26F00BA041F /* ReusableDemo iOS.app */;
			productType = "com.apple.product-type.application";
		};
		37E3FC6B1E55CDD8000A7436 /* ReusableDemo tvOS */ = {
			isa = PBXNativeTarget;
			buildConfigurationList = 37E3FC7A1E55CDD8000A7436 /* Build configuration list for PBXNativeTarget "ReusableDemo tvOS" */;
			buildPhases = (
				81032A0CDCE1D819A5F1DE9D /* [CP] Check Pods Manifest.lock */,
				37E3FC681E55CDD8000A7436 /* Sources */,
				37E3FC691E55CDD8000A7436 /* Frameworks */,
				37E3FC6A1E55CDD8000A7436 /* Resources */,
				E678DC8F1E6A6B65D56E323D /* [CP] Embed Pods Frameworks */,
			);
			buildRules = (
			);
			dependencies = (
			);
			name = "ReusableDemo tvOS";
			productName = "ReusableDemo tvOS";
			productReference = 37E3FC6C1E55CDD8000A7436 /* ReusableDemo tvOS.app */;
			productType = "com.apple.product-type.application";
		};
/* End PBXNativeTarget section */

/* Begin PBXProject section */
		09B346011C4ED26F00BA041F /* Project object */ = {
			isa = PBXProject;
			attributes = {
				LastSwiftUpdateCheck = 0820;
				LastUpgradeCheck = 1250;
				ORGANIZATIONNAME = AliSoftware;
				TargetAttributes = {
					09B346081C4ED26F00BA041F = {
						CreatedOnToolsVersion = 7.2;
						LastSwiftMigration = 1020;
					};
					37E3FC6B1E55CDD8000A7436 = {
						CreatedOnToolsVersion = 8.2;
						LastSwiftMigration = 1020;
						ProvisioningStyle = Automatic;
					};
				};
			};
			buildConfigurationList = 09B346041C4ED26F00BA041F /* Build configuration list for PBXProject "ReusableDemo" */;
			compatibilityVersion = "Xcode 3.2";
			developmentRegion = English;
			hasScannedForEncodings = 0;
			knownRegions = (
				English,
				en,
				Base,
			);
			mainGroup = 09B346001C4ED26F00BA041F;
			productRefGroup = 09B3460A1C4ED26F00BA041F /* Products */;
			projectDirPath = "";
			projectRoot = "";
			targets = (
				09B346081C4ED26F00BA041F /* ReusableDemo iOS */,
				37E3FC6B1E55CDD8000A7436 /* ReusableDemo tvOS */,
			);
		};
/* End PBXProject section */

/* Begin PBXResourcesBuildPhase section */
		09B346071C4ED26F00BA041F /* Resources */ = {
			isa = PBXResourcesBuildPhase;
			buildActionMask = 2147483647;
			files = (
				09B346231C4ED39700BA041F /* MyXIBTextCell.xib in Resources */,
				09B346461C4EF8F600BA041F /* CollectionHeaderView.xib in Resources */,
				09B346171C4ED26F00BA041F /* LaunchScreen.storyboard in Resources */,
				47EE563E1D66155D00AD3E4D /* MyCustomWidget.xib in Resources */,
				09441AE21D32A0390029B8A6 /* InfoViewController.storyboard in Resources */,
				09B346141C4ED26F00BA041F /* Assets.xcassets in Resources */,
				09B346251C4ED4CE00BA041F /* Default-568h@2x.png in Resources */,
				09B346121C4ED26F00BA041F /* Main.storyboard in Resources */,
				3BC219201CFC259F003BE78C /* MyHeaderTableView.xib in Resources */,
				09B346421C4EF71900BA041F /* MyXIBIndexSquaceCell.xib in Resources */,
				09B346291C4ED51600BA041F /* MyXIBInfoCell.xib in Resources */,
			);
			runOnlyForDeploymentPostprocessing = 0;
		};
		37E3FC6A1E55CDD8000A7436 /* Resources */ = {
			isa = PBXResourcesBuildPhase;
			buildActionMask = 2147483647;
			files = (
				37E3FC801E55D08C000A7436 /* MyCustomWidget.xib in Resources */,
				37E3FC761E55CDD8000A7436 /* Assets.xcassets in Resources */,
				37E3FC741E55CDD8000A7436 /* Main.storyboard in Resources */,
			);
			runOnlyForDeploymentPostprocessing = 0;
		};
/* End PBXResourcesBuildPhase section */

/* Begin PBXShellScriptBuildPhase section */
		091AEA061C5ED6500094EA6C /* ⚠️ SwiftLint */ = {
			isa = PBXShellScriptBuildPhase;
			buildActionMask = 2147483647;
			files = (
			);
			inputPaths = (
			);
			name = "⚠️ SwiftLint";
			outputPaths = (
			);
			runOnlyForDeploymentPostprocessing = 0;
			shellPath = /bin/sh;
			shellScript = "if which swiftlint; then\n  swiftlint\nelse\n  echo \"warning: Install SwiftLint to ensure the coding conventions are respected on this project.\"\nfi\n";
			showEnvVarsInLog = 0;
		};
		19189C1071BBDCAFA9F6F31F /* [CP] Embed Pods Frameworks */ = {
			isa = PBXShellScriptBuildPhase;
			buildActionMask = 2147483647;
			files = (
			);
			inputPaths = (
				"${PODS_ROOT}/Target Support Files/Pods-ReusableDemo iOS/Pods-ReusableDemo iOS-frameworks.sh",
				"${BUILT_PRODUCTS_DIR}/Reusable-iOS/Reusable.framework",
			);
			name = "[CP] Embed Pods Frameworks";
			outputPaths = (
				"${TARGET_BUILD_DIR}/${FRAMEWORKS_FOLDER_PATH}/Reusable.framework",
			);
			runOnlyForDeploymentPostprocessing = 0;
			shellPath = /bin/sh;
			shellScript = "\"${PODS_ROOT}/Target Support Files/Pods-ReusableDemo iOS/Pods-ReusableDemo iOS-frameworks.sh\"\n";
			showEnvVarsInLog = 0;
		};
		81032A0CDCE1D819A5F1DE9D /* [CP] Check Pods Manifest.lock */ = {
			isa = PBXShellScriptBuildPhase;
			buildActionMask = 2147483647;
			files = (
			);
			inputFileListPaths = (
			);
			inputPaths = (
				"${PODS_PODFILE_DIR_PATH}/Podfile.lock",
				"${PODS_ROOT}/Manifest.lock",
			);
			name = "[CP] Check Pods Manifest.lock";
			outputFileListPaths = (
			);
			outputPaths = (
				"$(DERIVED_FILE_DIR)/Pods-ReusableDemo tvOS-checkManifestLockResult.txt",
			);
			runOnlyForDeploymentPostprocessing = 0;
			shellPath = /bin/sh;
			shellScript = "diff \"${PODS_PODFILE_DIR_PATH}/Podfile.lock\" \"${PODS_ROOT}/Manifest.lock\" > /dev/null\nif [ $? != 0 ] ; then\n    # print error to STDERR\n    echo \"error: The sandbox is not in sync with the Podfile.lock. Run 'pod install' or update your CocoaPods installation.\" >&2\n    exit 1\nfi\n# This output is used by Xcode 'outputs' to avoid re-running this script phase.\necho \"SUCCESS\" > \"${SCRIPT_OUTPUT_FILE_0}\"\n";
			showEnvVarsInLog = 0;
		};
		E678DC8F1E6A6B65D56E323D /* [CP] Embed Pods Frameworks */ = {
			isa = PBXShellScriptBuildPhase;
			buildActionMask = 2147483647;
			files = (
			);
			inputPaths = (
				"${PODS_ROOT}/Target Support Files/Pods-ReusableDemo tvOS/Pods-ReusableDemo tvOS-frameworks.sh",
				"${BUILT_PRODUCTS_DIR}/Reusable-tvOS/Reusable.framework",
			);
			name = "[CP] Embed Pods Frameworks";
			outputPaths = (
				"${TARGET_BUILD_DIR}/${FRAMEWORKS_FOLDER_PATH}/Reusable.framework",
			);
			runOnlyForDeploymentPostprocessing = 0;
			shellPath = /bin/sh;
			shellScript = "\"${PODS_ROOT}/Target Support Files/Pods-ReusableDemo tvOS/Pods-ReusableDemo tvOS-frameworks.sh\"\n";
			showEnvVarsInLog = 0;
		};
		EEF03881871BAFB249B4B8A0 /* [CP] Check Pods Manifest.lock */ = {
			isa = PBXShellScriptBuildPhase;
			buildActionMask = 2147483647;
			files = (
			);
			inputFileListPaths = (
			);
			inputPaths = (
				"${PODS_PODFILE_DIR_PATH}/Podfile.lock",
				"${PODS_ROOT}/Manifest.lock",
			);
			name = "[CP] Check Pods Manifest.lock";
			outputFileListPaths = (
			);
			outputPaths = (
				"$(DERIVED_FILE_DIR)/Pods-ReusableDemo iOS-checkManifestLockResult.txt",
			);
			runOnlyForDeploymentPostprocessing = 0;
			shellPath = /bin/sh;
			shellScript = "diff \"${PODS_PODFILE_DIR_PATH}/Podfile.lock\" \"${PODS_ROOT}/Manifest.lock\" > /dev/null\nif [ $? != 0 ] ; then\n    # print error to STDERR\n    echo \"error: The sandbox is not in sync with the Podfile.lock. Run 'pod install' or update your CocoaPods installation.\" >&2\n    exit 1\nfi\n# This output is used by Xcode 'outputs' to avoid re-running this script phase.\necho \"SUCCESS\" > \"${SCRIPT_OUTPUT_FILE_0}\"\n";
			showEnvVarsInLog = 0;
		};
/* End PBXShellScriptBuildPhase section */

/* Begin PBXSourcesBuildPhase section */
		09B346051C4ED26F00BA041F /* Sources */ = {
			isa = PBXSourcesBuildPhase;
			buildActionMask = 2147483647;
			files = (
				09B3463A1C4EF3F900BA041F /* MyColorSquareCell.swift in Sources */,
				09B346411C4EF71900BA041F /* MyXIBIndexSquaceCell.swift in Sources */,
				09B346341C4EDC7D00BA041F /* MyStoryBoardIndexPathCell.swift in Sources */,
				09B346221C4ED39700BA041F /* MyXIBTextCell.swift in Sources */,
				47EE563C1D66155100AD3E4D /* MyCustomWidget.swift in Sources */,
				09B3463C1C4EF46100BA041F /* MyStoryboardTextSquareCell.swift in Sources */,
				09B3463E1C4EF4A400BA041F /* CollectionViewController.swift in Sources */,
				09B3460F1C4ED26F00BA041F /* TableViewController.swift in Sources */,
				09441AE41D32A0700029B8A6 /* InfoDetailViewController.swift in Sources */,
				09B3460D1C4ED26F00BA041F /* AppDelegate.swift in Sources */,
				3BC2191F1CFC259F003BE78C /* MyHeaderTableView.swift in Sources */,
				09441AE61D32A07D0029B8A6 /* InfoViewController.swift in Sources */,
				09B346281C4ED51600BA041F /* MyXIBInfoCell.swift in Sources */,
				09B346441C4EF8B700BA041F /* CollectionHeaderView.swift in Sources */,
				09B3462B1C4ED6C400BA041F /* MySimpleColorCell.swift in Sources */,
			);
			runOnlyForDeploymentPostprocessing = 0;
		};
		37E3FC681E55CDD8000A7436 /* Sources */ = {
			isa = PBXSourcesBuildPhase;
			buildActionMask = 2147483647;
			files = (
				37E3FC7E1E55D056000A7436 /* MyCustomWidget.swift in Sources */,
				37E3FC6F1E55CDD8000A7436 /* AppDelegate.swift in Sources */,
			);
			runOnlyForDeploymentPostprocessing = 0;
		};
/* End PBXSourcesBuildPhase section */

/* Begin PBXVariantGroup section */
		09B346101C4ED26F00BA041F /* Main.storyboard */ = {
			isa = PBXVariantGroup;
			children = (
				09B346111C4ED26F00BA041F /* Base */,
			);
			name = Main.storyboard;
			sourceTree = "<group>";
		};
		09B346151C4ED26F00BA041F /* LaunchScreen.storyboard */ = {
			isa = PBXVariantGroup;
			children = (
				09B346161C4ED26F00BA041F /* Base */,
			);
			name = LaunchScreen.storyboard;
			sourceTree = "<group>";
		};
		37E3FC721E55CDD8000A7436 /* Main.storyboard */ = {
			isa = PBXVariantGroup;
			children = (
				37E3FC731E55CDD8000A7436 /* Base */,
			);
			name = Main.storyboard;
			sourceTree = "<group>";
		};
/* End PBXVariantGroup section */

/* Begin XCBuildConfiguration section */
		09B346191C4ED26F00BA041F /* Debug */ = {
			isa = XCBuildConfiguration;
			buildSettings = {
				ALWAYS_EMBED_SWIFT_STANDARD_LIBRARIES = "$(inherited)";
				ALWAYS_SEARCH_USER_PATHS = NO;
				CLANG_ANALYZER_LOCALIZABILITY_NONLOCALIZED = YES;
				CLANG_CXX_LANGUAGE_STANDARD = "gnu++0x";
				CLANG_CXX_LIBRARY = "libc++";
				CLANG_ENABLE_MODULES = YES;
				CLANG_ENABLE_OBJC_ARC = YES;
				CLANG_WARN_BLOCK_CAPTURE_AUTORELEASING = YES;
				CLANG_WARN_BOOL_CONVERSION = YES;
				CLANG_WARN_COMMA = YES;
				CLANG_WARN_CONSTANT_CONVERSION = YES;
				CLANG_WARN_DEPRECATED_OBJC_IMPLEMENTATIONS = YES;
				CLANG_WARN_DIRECT_OBJC_ISA_USAGE = YES_ERROR;
				CLANG_WARN_EMPTY_BODY = YES;
				CLANG_WARN_ENUM_CONVERSION = YES;
				CLANG_WARN_INFINITE_RECURSION = YES;
				CLANG_WARN_INT_CONVERSION = YES;
				CLANG_WARN_NON_LITERAL_NULL_CONVERSION = YES;
				CLANG_WARN_OBJC_IMPLICIT_RETAIN_SELF = YES;
				CLANG_WARN_OBJC_LITERAL_CONVERSION = YES;
				CLANG_WARN_OBJC_ROOT_CLASS = YES_ERROR;
				CLANG_WARN_QUOTED_INCLUDE_IN_FRAMEWORK_HEADER = YES;
				CLANG_WARN_RANGE_LOOP_ANALYSIS = YES;
				CLANG_WARN_STRICT_PROTOTYPES = YES;
				CLANG_WARN_SUSPICIOUS_MOVE = YES;
				CLANG_WARN_UNREACHABLE_CODE = YES;
				CLANG_WARN__DUPLICATE_METHOD_MATCH = YES;
				"CODE_SIGN_IDENTITY[sdk=iphoneos*]" = "iPhone Developer";
				COPY_PHASE_STRIP = NO;
				DEBUG_INFORMATION_FORMAT = dwarf;
				ENABLE_STRICT_OBJC_MSGSEND = YES;
				ENABLE_TESTABILITY = YES;
				GCC_C_LANGUAGE_STANDARD = gnu99;
				GCC_DYNAMIC_NO_PIC = NO;
				GCC_NO_COMMON_BLOCKS = YES;
				GCC_OPTIMIZATION_LEVEL = 0;
				GCC_PREPROCESSOR_DEFINITIONS = (
					"DEBUG=1",
					"$(inherited)",
				);
				GCC_WARN_64_TO_32_BIT_CONVERSION = YES;
				GCC_WARN_ABOUT_RETURN_TYPE = YES_ERROR;
				GCC_WARN_UNDECLARED_SELECTOR = YES;
				GCC_WARN_UNINITIALIZED_AUTOS = YES_AGGRESSIVE;
				GCC_WARN_UNUSED_FUNCTION = YES;
				GCC_WARN_UNUSED_VARIABLE = YES;
				IPHONEOS_DEPLOYMENT_TARGET = 12.0;
				MTL_ENABLE_DEBUG_INFO = YES;
				ONLY_ACTIVE_ARCH = YES;
				SDKROOT = iphoneos;
				SWIFT_OPTIMIZATION_LEVEL = "-Onone";
				TARGETED_DEVICE_FAMILY = "1,2";
			};
			name = Debug;
		};
		09B3461A1C4ED26F00BA041F /* Release */ = {
			isa = XCBuildConfiguration;
			buildSettings = {
				ALWAYS_EMBED_SWIFT_STANDARD_LIBRARIES = "$(inherited)";
				ALWAYS_SEARCH_USER_PATHS = NO;
				CLANG_ANALYZER_LOCALIZABILITY_NONLOCALIZED = YES;
				CLANG_CXX_LANGUAGE_STANDARD = "gnu++0x";
				CLANG_CXX_LIBRARY = "libc++";
				CLANG_ENABLE_MODULES = YES;
				CLANG_ENABLE_OBJC_ARC = YES;
				CLANG_WARN_BLOCK_CAPTURE_AUTORELEASING = YES;
				CLANG_WARN_BOOL_CONVERSION = YES;
				CLANG_WARN_COMMA = YES;
				CLANG_WARN_CONSTANT_CONVERSION = YES;
				CLANG_WARN_DEPRECATED_OBJC_IMPLEMENTATIONS = YES;
				CLANG_WARN_DIRECT_OBJC_ISA_USAGE = YES_ERROR;
				CLANG_WARN_EMPTY_BODY = YES;
				CLANG_WARN_ENUM_CONVERSION = YES;
				CLANG_WARN_INFINITE_RECURSION = YES;
				CLANG_WARN_INT_CONVERSION = YES;
				CLANG_WARN_NON_LITERAL_NULL_CONVERSION = YES;
				CLANG_WARN_OBJC_IMPLICIT_RETAIN_SELF = YES;
				CLANG_WARN_OBJC_LITERAL_CONVERSION = YES;
				CLANG_WARN_OBJC_ROOT_CLASS = YES_ERROR;
				CLANG_WARN_QUOTED_INCLUDE_IN_FRAMEWORK_HEADER = YES;
				CLANG_WARN_RANGE_LOOP_ANALYSIS = YES;
				CLANG_WARN_STRICT_PROTOTYPES = YES;
				CLANG_WARN_SUSPICIOUS_MOVE = YES;
				CLANG_WARN_UNREACHABLE_CODE = YES;
				CLANG_WARN__DUPLICATE_METHOD_MATCH = YES;
				"CODE_SIGN_IDENTITY[sdk=iphoneos*]" = "iPhone Developer";
				COPY_PHASE_STRIP = NO;
				DEBUG_INFORMATION_FORMAT = "dwarf-with-dsym";
				ENABLE_NS_ASSERTIONS = NO;
				ENABLE_STRICT_OBJC_MSGSEND = YES;
				GCC_C_LANGUAGE_STANDARD = gnu99;
				GCC_NO_COMMON_BLOCKS = YES;
				GCC_WARN_64_TO_32_BIT_CONVERSION = YES;
				GCC_WARN_ABOUT_RETURN_TYPE = YES_ERROR;
				GCC_WARN_UNDECLARED_SELECTOR = YES;
				GCC_WARN_UNINITIALIZED_AUTOS = YES_AGGRESSIVE;
				GCC_WARN_UNUSED_FUNCTION = YES;
				GCC_WARN_UNUSED_VARIABLE = YES;
				IPHONEOS_DEPLOYMENT_TARGET = 12.0;
				MTL_ENABLE_DEBUG_INFO = NO;
				SDKROOT = iphoneos;
				SWIFT_OPTIMIZATION_LEVEL = "-Owholemodule";
				TARGETED_DEVICE_FAMILY = "1,2";
				VALIDATE_PRODUCT = YES;
			};
			name = Release;
		};
		09B3461C1C4ED26F00BA041F /* Debug */ = {
			isa = XCBuildConfiguration;
			baseConfigurationReference = 096A3A284FE1BC6262AC3EB7 /* Pods-ReusableDemo iOS.debug.xcconfig */;
			buildSettings = {
				ASSETCATALOG_COMPILER_APPICON_NAME = AppIcon;
				DEVELOPMENT_TEAM = "";
				INFOPLIST_FILE = "ReusableDemo iOS/Info.plist";
				IPHONEOS_DEPLOYMENT_TARGET = 12.0;
				LD_RUNPATH_SEARCH_PATHS = "$(inherited) @executable_path/Frameworks";
				PRODUCT_BUNDLE_IDENTIFIER = com.alisoftware.ReusableDemo;
				PRODUCT_NAME = "$(TARGET_NAME)";
				SWIFT_VERSION = 5.0;
			};
			name = Debug;
		};
		09B3461D1C4ED26F00BA041F /* Release */ = {
			isa = XCBuildConfiguration;
			baseConfigurationReference = 4033B8B5AA57F6CB717FCF24 /* Pods-ReusableDemo iOS.release.xcconfig */;
			buildSettings = {
				ASSETCATALOG_COMPILER_APPICON_NAME = AppIcon;
				DEVELOPMENT_TEAM = "";
				INFOPLIST_FILE = "ReusableDemo iOS/Info.plist";
				IPHONEOS_DEPLOYMENT_TARGET = 12.0;
				LD_RUNPATH_SEARCH_PATHS = "$(inherited) @executable_path/Frameworks";
				PRODUCT_BUNDLE_IDENTIFIER = com.alisoftware.ReusableDemo;
				PRODUCT_NAME = "$(TARGET_NAME)";
				SWIFT_VERSION = 5.0;
			};
			name = Release;
		};
		37E3FC781E55CDD8000A7436 /* Debug */ = {
			isa = XCBuildConfiguration;
			baseConfigurationReference = 4F85C1AE1D6502CAE2A6E6AC /* Pods-ReusableDemo tvOS.debug.xcconfig */;
			buildSettings = {
				ASSETCATALOG_COMPILER_APPICON_NAME = "App Icon & Top Shelf Image";
				ASSETCATALOG_COMPILER_LAUNCHIMAGE_NAME = LaunchImage;
				CLANG_ANALYZER_NONNULL = YES;
				CLANG_WARN_DOCUMENTATION_COMMENTS = YES;
				DEVELOPMENT_TEAM = "";
				INFOPLIST_FILE = "ReusableDemo tvOS/Info.plist";
				LD_RUNPATH_SEARCH_PATHS = "$(inherited) @executable_path/Frameworks";
				PRODUCT_BUNDLE_IDENTIFIER = "com.alisoftware.ReusableDemo-tvOS";
				PRODUCT_NAME = "$(TARGET_NAME)";
				SDKROOT = appletvos;
				SWIFT_ACTIVE_COMPILATION_CONDITIONS = DEBUG;
				SWIFT_VERSION = 5.0;
				TARGETED_DEVICE_FAMILY = 3;
				TVOS_DEPLOYMENT_TARGET = 12.0;
			};
			name = Debug;
		};
		37E3FC791E55CDD8000A7436 /* Release */ = {
			isa = XCBuildConfiguration;
			baseConfigurationReference = D8F45C0C4C06E7B1B16AC822 /* Pods-ReusableDemo tvOS.release.xcconfig */;
			buildSettings = {
				ASSETCATALOG_COMPILER_APPICON_NAME = "App Icon & Top Shelf Image";
				ASSETCATALOG_COMPILER_LAUNCHIMAGE_NAME = LaunchImage;
				CLANG_ANALYZER_NONNULL = YES;
				CLANG_WARN_DOCUMENTATION_COMMENTS = YES;
				DEVELOPMENT_TEAM = "";
				INFOPLIST_FILE = "ReusableDemo tvOS/Info.plist";
				LD_RUNPATH_SEARCH_PATHS = "$(inherited) @executable_path/Frameworks";
				PRODUCT_BUNDLE_IDENTIFIER = "com.alisoftware.ReusableDemo-tvOS";
				PRODUCT_NAME = "$(TARGET_NAME)";
				SDKROOT = appletvos;
				SWIFT_VERSION = 5.0;
				TARGETED_DEVICE_FAMILY = 3;
				TVOS_DEPLOYMENT_TARGET = 12.0;
			};
			name = Release;
		};
/* End XCBuildConfiguration section */

/* Begin XCConfigurationList section */
		09B346041C4ED26F00BA041F /* Build configuration list for PBXProject "ReusableDemo" */ = {
			isa = XCConfigurationList;
			buildConfigurations = (
				09B346191C4ED26F00BA041F /* Debug */,
				09B3461A1C4ED26F00BA041F /* Release */,
			);
			defaultConfigurationIsVisible = 0;
			defaultConfigurationName = Release;
		};
		09B3461B1C4ED26F00BA041F /* Build configuration list for PBXNativeTarget "ReusableDemo iOS" */ = {
			isa = XCConfigurationList;
			buildConfigurations = (
				09B3461C1C4ED26F00BA041F /* Debug */,
				09B3461D1C4ED26F00BA041F /* Release */,
			);
			defaultConfigurationIsVisible = 0;
			defaultConfigurationName = Release;
		};
		37E3FC7A1E55CDD8000A7436 /* Build configuration list for PBXNativeTarget "ReusableDemo tvOS" */ = {
			isa = XCConfigurationList;
			buildConfigurations = (
				37E3FC781E55CDD8000A7436 /* Debug */,
				37E3FC791E55CDD8000A7436 /* Release */,
			);
			defaultConfigurationIsVisible = 0;
			defaultConfigurationName = Release;
		};
/* End XCConfigurationList section */
	};
	rootObject = 09B346011C4ED26F00BA041F /* Project object */;
}
